
Microsoft Visual Studio Solution File, Format Version 12.00
# Visual Studio Version 16
VisualStudioVersion = 16.0.29503.13
MinimumVisualStudioVersion = 10.0.40219.1
Project("{9A19103F-16F7-4668-BE54-9A1E7A4F7556}") = "Quartz.Api", "QuartzApi\Quartz.Api.csproj", "{AA765D48-5295-4606-827F-790BC5C728C4}"
EndProject
Project("{9A19103F-16F7-4668-BE54-9A1E7A4F7556}") = "Quartz.CodeGenerator", "EFCore.CodeGenerator\Quartz.CodeGenerator.csproj", "{6BC22E9E-7D90-44D0-BD25-66E3F936AB74}"
EndProject
Project("{9A19103F-16F7-4668-BE54-9A1E7A4F7556}") = "Quartz.Tests", "Quartz.Tests\Quartz.Tests.csproj", "{824C8A8A-01EF-46B5-A033-87A9EDD23752}"
EndProject
Project("{9A19103F-16F7-4668-BE54-9A1E7A4F7556}") = "Quartz.SelfHost", "Quartz.SelfHost\Quartz.SelfHost.csproj", "{045904D4-67AA-4E90-859B-A724F73B3391}"
EndProject
Global
	GlobalSection(SolutionConfigurationPlatforms) = preSolution
		Debug|Any CPU = Debug|Any CPU
		Release|Any CPU = Release|Any CPU
	EndGlobalSection
	GlobalSection(ProjectConfigurationPlatforms) = postSolution
		{AA765D48-5295-4606-827F-790BC5C728C4}.Debug|Any CPU.ActiveCfg = Debug|Any CPU
		{AA765D48-5295-4606-827F-790BC5C728C4}.Debug|Any CPU.Build.0 = Debug|Any CPU
		{AA765D48-5295-4606-827F-790BC5C728C4}.Release|Any CPU.ActiveCfg = Release|Any CPU
		{AA765D48-5295-4606-827F-790BC5C728C4}.Release|Any CPU.Build.0 = Release|Any CPU
		{6BC22E9E-7D90-44D0-BD25-66E3F936AB74}.Debug|Any CPU.ActiveCfg = Debug|Any CPU
		{6BC22E9E-7D90-44D0-BD25-66E3F936AB74}.Debug|Any CPU.Build.0 = Debug|Any CPU
		{6BC22E9E-7D90-44D0-BD25-66E3F936AB74}.Release|Any CPU.ActiveCfg = Release|Any CPU
		{6BC22E9E-7D90-44D0-BD25-66E3F936AB74}.Release|Any CPU.Build.0 = Release|Any CPU
		{824C8A8A-01EF-46B5-A033-87A9EDD23752}.Debug|Any CPU.ActiveCfg = Debug|Any CPU
		{824C8A8A-01EF-46B5-A033-87A9EDD23752}.Debug|Any CPU.Build.0 = Debug|Any CPU
		{824C8A8A-01EF-46B5-A033-87A9EDD23752}.Release|Any CPU.ActiveCfg = Release|Any CPU
		{824C8A8A-01EF-46B5-A033-87A9EDD23752}.Release|Any CPU.Build.0 = Release|Any CPU
		{045904D4-67AA-4E90-859B-A724F73B3391}.Debug|Any CPU.ActiveCfg = Debug|Any CPU
		{045904D4-67AA-4E90-859B-A724F73B3391}.Debug|Any CPU.Build.0 = Debug|Any CPU
		{045904D4-67AA-4E90-859B-A724F73B3391}.Release|Any CPU.ActiveCfg = Release|Any CPU
		{045904D4-67AA-4E90-859B-A724F73B3391}.Release|Any CPU.Build.0 = Release|Any CPU
	EndGlobalSection
	GlobalSection(SolutionProperties) = preSolution
		HideSolutionNode = FALSE
	EndGlobalSection
	GlobalSection(ExtensibilityGlobals) = postSolution
		SolutionGuid = {661DBDAD-45D0-4F2C-9D98-093234FA3A4F}
	EndGlobalSection
EndGlobal
